
Microsoft Visual Studio Solution File, Format Version 12.00
# Visual Studio Version 17
VisualStudioVersion = 17.4.33403.182
MinimumVisualStudioVersion = 10.0.40219.1
Project("{9A19103F-16F7-4668-BE54-9A1E7A4F7556}") = "PC_Helperv2", "PC_Helperv2\PC_Helperv2.csproj", "{D5AFC710-C90F-47FA-959F-060AF6B49ADD}"
EndProject
Project("{9A19103F-16F7-4668-BE54-9A1E7A4F7556}") = "PCHelper_backend", "PCHelper_backend\PCHelper_backend.csproj", "{29308D9C-6E1D-43CA-B6FE-0193C9F75D7C}"
EndProject
Project("{E53339B2-1760-4266-BCC7-CA923CBCF16C}") = "docker-compose", "docker-compose.dcproj", "{DA8866B7-7B98-4AE7-89B7-0F20762C00C7}"
EndProject
Global
	GlobalSection(SolutionConfigurationPlatforms) = preSolution
		Debug|Any CPU = Debug|Any CPU
		Release|Any CPU = Release|Any CPU
	EndGlobalSection
	GlobalSection(ProjectConfigurationPlatforms) = postSolution
		{D5AFC710-C90F-47FA-959F-060AF6B49ADD}.Debug|Any CPU.ActiveCfg = Debug|Any CPU
		{D5AFC710-C90F-47FA-959F-060AF6B49ADD}.Debug|Any CPU.Build.0 = Debug|Any CPU
		{D5AFC710-C90F-47FA-959F-060AF6B49ADD}.Release|Any CPU.ActiveCfg = Release|Any CPU
		{D5AFC710-C90F-47FA-959F-060AF6B49ADD}.Release|Any CPU.Build.0 = Release|Any CPU
		{29308D9C-6E1D-43CA-B6FE-0193C9F75D7C}.Debug|Any CPU.ActiveCfg = Debug|Any CPU
		{29308D9C-6E1D-43CA-B6FE-0193C9F75D7C}.Debug|Any CPU.Build.0 = Debug|Any CPU
		{29308D9C-6E1D-43CA-B6FE-0193C9F75D7C}.Release|Any CPU.ActiveCfg = Release|Any CPU
		{29308D9C-6E1D-43CA-B6FE-0193C9F75D7C}.Release|Any CPU.Build.0 = Release|Any CPU
		{DA8866B7-7B98-4AE7-89B7-0F20762C00C7}.Debug|Any CPU.ActiveCfg = Debug|Any CPU
		{DA8866B7-7B98-4AE7-89B7-0F20762C00C7}.Debug|Any CPU.Build.0 = Debug|Any CPU
		{DA8866B7-7B98-4AE7-89B7-0F20762C00C7}.Release|Any CPU.ActiveCfg = Release|Any CPU
		{DA8866B7-7B98-4AE7-89B7-0F20762C00C7}.Release|Any CPU.Build.0 = Release|Any CPU
	EndGlobalSection
	GlobalSection(SolutionProperties) = preSolution
		HideSolutionNode = FALSE
	EndGlobalSection
	GlobalSection(ExtensibilityGlobals) = postSolution
		SolutionGuid = {59B7546E-6B45-4B33-BFDF-8A891124C02D}
	EndGlobalSection
EndGlobal
